
Microsoft Visual Studio Solution File, Format Version 12.00
# Visual Studio Version 16
VisualStudioVersion = 16.0.31112.23
MinimumVisualStudioVersion = 10.0.40219.1
Project("{9A19103F-16F7-4668-BE54-9A1E7A4F7556}") = "Hotel", "Hotel\Hotel.csproj", "{14A185E5-0FB8-4560-B3E2-AEE9BF68BCCE}"
EndProject
Project("{9A19103F-16F7-4668-BE54-9A1E7A4F7556}") = "HotelTests", "HotelTests\HotelTests.csproj", "{F4FA72A3-0877-454A-AA69-DF60708278E5}"
	ProjectSection(ProjectDependencies) = postProject
		{14A185E5-0FB8-4560-B3E2-AEE9BF68BCCE} = {14A185E5-0FB8-4560-B3E2-AEE9BF68BCCE}
	EndProjectSection
EndProject
Project("{FAE04EC0-301F-11D3-BF4B-00C04F79EFBC}") = "HotelConsole", "HotelConsole\HotelConsole.csproj", "{B4D1E25B-205C-4ABB-B399-3E550EE87F2E}"
EndProject
Global
	GlobalSection(SolutionConfigurationPlatforms) = preSolution
		Debug|Any CPU = Debug|Any CPU
		Release|Any CPU = Release|Any CPU
	EndGlobalSection
	GlobalSection(ProjectConfigurationPlatforms) = postSolution
		{14A185E5-0FB8-4560-B3E2-AEE9BF68BCCE}.Debug|Any CPU.ActiveCfg = Debug|Any CPU
		{14A185E5-0FB8-4560-B3E2-AEE9BF68BCCE}.Debug|Any CPU.Build.0 = Debug|Any CPU
		{14A185E5-0FB8-4560-B3E2-AEE9BF68BCCE}.Release|Any CPU.ActiveCfg = Release|Any CPU
		{14A185E5-0FB8-4560-B3E2-AEE9BF68BCCE}.Release|Any CPU.Build.0 = Release|Any CPU
		{F4FA72A3-0877-454A-AA69-DF60708278E5}.Debug|Any CPU.ActiveCfg = Debug|Any CPU
		{F4FA72A3-0877-454A-AA69-DF60708278E5}.Debug|Any CPU.Build.0 = Debug|Any CPU
		{F4FA72A3-0877-454A-AA69-DF60708278E5}.Release|Any CPU.ActiveCfg = Release|Any CPU
		{F4FA72A3-0877-454A-AA69-DF60708278E5}.Release|Any CPU.Build.0 = Release|Any CPU
		{B4D1E25B-205C-4ABB-B399-3E550EE87F2E}.Debug|Any CPU.ActiveCfg = Debug|Any CPU
		{B4D1E25B-205C-4ABB-B399-3E550EE87F2E}.Debug|Any CPU.Build.0 = Debug|Any CPU
		{B4D1E25B-205C-4ABB-B399-3E550EE87F2E}.Release|Any CPU.ActiveCfg = Release|Any CPU
		{B4D1E25B-205C-4ABB-B399-3E550EE87F2E}.Release|Any CPU.Build.0 = Release|Any CPU
	EndGlobalSection
	GlobalSection(SolutionProperties) = preSolution
		HideSolutionNode = FALSE
	EndGlobalSection
	GlobalSection(ExtensibilityGlobals) = postSolution
		SolutionGuid = {09144EED-67E9-49F7-9758-1DEFAE4067F0}
	EndGlobalSection
EndGlobal
